
Microsoft Visual Studio Solution File, Format Version 12.00
# Visual Studio Version 16
VisualStudioVersion = 16.0.31727.386
MinimumVisualStudioVersion = 10.0.40219.1
Project("{FAE04EC0-301F-11D3-BF4B-00C04F79EFBC}") = "Recipes", "Recipes.csproj", "{8674DB1C-040F-4733-9E9E-AE58E449AC0E}"
EndProject
Global
	GlobalSection(SolutionConfigurationPlatforms) = preSolution
		Debug|Any CPU = Debug|Any CPU
		Release|Any CPU = Release|Any CPU
	EndGlobalSection
	GlobalSection(ProjectConfigurationPlatforms) = postSolution
		{8674DB1C-040F-4733-9E9E-AE58E449AC0E}.Debug|Any CPU.ActiveCfg = Debug|Any CPU
		{8674DB1C-040F-4733-9E9E-AE58E449AC0E}.Debug|Any CPU.Build.0 = Debug|Any CPU
		{8674DB1C-040F-4733-9E9E-AE58E449AC0E}.Release|Any CPU.ActiveCfg = Release|Any CPU
		{8674DB1C-040F-4733-9E9E-AE58E449AC0E}.Release|Any CPU.Build.0 = Release|Any CPU
	EndGlobalSection
	GlobalSection(SolutionProperties) = preSolution
		HideSolutionNode = FALSE
	EndGlobalSection
	GlobalSection(ExtensibilityGlobals) = postSolution
		SolutionGuid = {AB011576-4A67-4E59-AFC5-ABDBA6985250}
	EndGlobalSection
EndGlobal
